<?xml version="1.0" encoding="utf-8"?>
<Project ToolsVersion="4.0" xmlns="http://schemas.microsoft.com/developer/msbuild/2003">
  <ItemGroup>
    <Filter Include="소스 파일">
      <UniqueIdentifier>{4FC737F1-C7A5-4376-A066-2A32D752A2FF}</UniqueIdentifier>
      <Extensions>cpp;c;cc;cxx;c++;cppm;ixx;def;odl;idl;hpj;bat;asm;asmx</Extensions>
    </Filter>
    <Filter Include="헤더 파일">
      <UniqueIdentifier>{93995380-89BD-4b04-88EB-625FBE52EBFB}</UniqueIdentifier>
      <Extensions>h;hh;hpp;hxx;h++;hm;inl;inc;ipp;xsd</Extensions>
    </Filter>
    <Filter Include="리소스 파일">
      <UniqueIdentifier>{67DA6AB6-F800-4c08-8B7A-83BB121AAD01}</UniqueIdentifier>
      <Extensions>rc;ico;cur;bmp;dlg;rc2;rct;bin;rgs;gif;jpg;jpeg;jpe;resx;tiff;tif;png;wav;mfcribbon-ms</Extensions>
    </Filter>
    <Filter Include="소스 파일\Tools">
      <UniqueIdentifier>{cdca2bd7-021a-444b-8029-fe09f01328b5}</UniqueIdentifier>
    </Filter>
    <Filter Include="헤더 파일\Tools">
      <UniqueIdentifier>{9e483681-4c8f-4bea-942e-501cb7cefb51}</UniqueIdentifier>
    </Filter>
    <Filter Include="헤더 파일\Network">
      <UniqueIdentifier>{fd6d26f8-072c-4936-a83b-2682f71d07d9}</UniqueIdentifier>
    </Filter>
  </ItemGroup>
  <ItemGroup>
    <ClCompile Include="main.cpp">
      <Filter>소스 파일</Filter>
    </ClCompile>
    <ClCompile Include="CChatServerMulti.cpp">
      <Filter>소스 파일</Filter>
    </ClCompile>
    <ClCompile Include="..\..\CCpuUsage\CCpuUsage\CCpuUsage.cpp">
      <Filter>소스 파일\Tools</Filter>
    </ClCompile>
    <ClCompile Include="..\..\CrashDump\CrashDump\CCrashDump.cpp">
      <Filter>소스 파일\Tools</Filter>
    </ClCompile>
    <ClCompile Include="..\..\TextParser\TextParser\TextParser.cpp">
      <Filter>소스 파일\Tools</Filter>
    </ClCompile>
    <ClCompile Include="..\..\CLogger\CLogger\CLogger.cpp">
      <Filter>소스 파일\Tools</Filter>
    </ClCompile>
    <ClCompile Include="..\..\CNetPacket\CNetPacket\CNetPacket.cpp">
      <Filter>소스 파일\Tools</Filter>
    </ClCompile>
    <ClCompile Include="..\..\Multi_Profiler\Multi_Profiler\CProfiler.cpp">
      <Filter>소스 파일\Tools</Filter>
    </ClCompile>
    <ClCompile Include="..\..\RingBuffer\RingBuffer\RingBuffer.cpp">
      <Filter>소스 파일\Tools</Filter>
    </ClCompile>
    <ClCompile Include="..\..\CNetServerNoLock\CNetServerNoLock\CNetServerNoLock.cpp">
      <Filter>소스 파일</Filter>
    </ClCompile>
  </ItemGroup>
  <ItemGroup>
    <ClInclude Include="CChatServerMulti.h">
      <Filter>헤더 파일</Filter>
    </ClInclude>
    <ClInclude Include="..\..\CLF_Queue\CLF_Queue\TC_LFQueue.h">
      <Filter>헤더 파일\Tools</Filter>
    </ClInclude>
    <ClInclude Include="..\..\CLFObjectPool\CLFObjectPool\TC_LFObjectPool.h">
      <Filter>헤더 파일\Tools</Filter>
    </ClInclude>
    <ClInclude Include="..\..\CCpuUsage\CCpuUsage\CCpuUsage.h">
      <Filter>헤더 파일\Tools</Filter>
    </ClInclude>
    <ClInclude Include="..\..\CrashDump\CrashDump\CCrashDump.h">
      <Filter>헤더 파일\Tools</Filter>
    </ClInclude>
    <ClInclude Include="..\..\CLogger\CLogger\CLogger.h">
      <Filter>헤더 파일\Tools</Filter>
    </ClInclude>
    <ClInclude Include="..\..\CNetPacket\CNetPacket\CNetPacket.h">
      <Filter>헤더 파일\Tools</Filter>
    </ClInclude>
    <ClInclude Include="..\..\Multi_Profiler\Multi_Profiler\CProfiler.h">
      <Filter>헤더 파일\Tools</Filter>
    </ClInclude>
    <ClInclude Include="..\..\RingBuffer\RingBuffer\RingBuffer.h">
      <Filter>헤더 파일\Tools</Filter>
    </ClInclude>
    <ClInclude Include="..\..\TextParser\TextParser\TextParser.h">
      <Filter>헤더 파일\Tools</Filter>
    </ClInclude>
    <ClInclude Include="..\..\CNetServerNoLock\CNetServerNoLock\CNetServerNoLock.h">
      <Filter>헤더 파일</Filter>
    </ClInclude>
    <ClInclude Include="..\..\CChatServer\CChatServer\CommonProtocol.h">
      <Filter>헤더 파일\Network</Filter>
    </ClInclude>
    <ClInclude Include="..\..\LockFreeStack\LockFreeStack\TC_LFStack.h">
      <Filter>헤더 파일\Tools</Filter>
    </ClInclude>
    <ClInclude Include="..\..\MemoryPool_TLS\MemoryPool_TLS\ObjectPool_TLS.h">
      <Filter>헤더 파일\Tools</Filter>
    </ClInclude>
    <ClInclude Include="..\..\MemoryPool\MemoryPool\ObjectPool.h">
      <Filter>헤더 파일\Tools</Filter>
    </ClInclude>
  </ItemGroup>
</Project>