<?xml version="1.0" encoding="utf-8"?>
<Project ToolsVersion="4.0" xmlns="http://schemas.microsoft.com/developer/msbuild/2003">
  <ItemGroup>
    <Filter Include="소스 파일">
      <UniqueIdentifier>{4FC737F1-C7A5-4376-A066-2A32D752A2FF}</UniqueIdentifier>
      <Extensions>cpp;c;cc;cxx;c++;cppm;ixx;def;odl;idl;hpj;bat;asm;asmx</Extensions>
    </Filter>
    <Filter Include="헤더 파일">
      <UniqueIdentifier>{93995380-89BD-4b04-88EB-625FBE52EBFB}</UniqueIdentifier>
      <Extensions>h;hh;hpp;hxx;h++;hm;inl;inc;ipp;xsd</Extensions>
    </Filter>
    <Filter Include="리소스 파일">
      <UniqueIdentifier>{67DA6AB6-F800-4c08-8B7A-83BB121AAD01}</UniqueIdentifier>
      <Extensions>rc;ico;cur;bmp;dlg;rc2;rct;bin;rgs;gif;jpg;jpeg;jpe;resx;tiff;tif;png;wav;mfcribbon-ms</Extensions>
    </Filter>
    <Filter Include="소스 파일\Object">
      <UniqueIdentifier>{e9eca7bf-9875-4bf2-9f2f-e6c3d0318440}</UniqueIdentifier>
    </Filter>
    <Filter Include="헤더 파일\Object">
      <UniqueIdentifier>{abad4902-4d7a-4a46-8b2f-02aabc7d4e4f}</UniqueIdentifier>
    </Filter>
    <Filter Include="헤더 파일\Tool">
      <UniqueIdentifier>{ba5c1373-0149-4830-a109-d6d8626b492e}</UniqueIdentifier>
    </Filter>
    <Filter Include="소스 파일\Tool">
      <UniqueIdentifier>{36b9e64f-144f-4b48-8462-bc3ad684b788}</UniqueIdentifier>
    </Filter>
    <Filter Include="헤더 파일\Process">
      <UniqueIdentifier>{7c2105a5-aae0-46a4-b07a-b53cd8c52569}</UniqueIdentifier>
    </Filter>
    <Filter Include="소스 파일\Process">
      <UniqueIdentifier>{e844dfc3-8f55-490b-be15-885d2612a084}</UniqueIdentifier>
    </Filter>
    <Filter Include="헤더 파일\Network">
      <UniqueIdentifier>{2f13bf40-13c9-4419-8726-11bf3b9dd462}</UniqueIdentifier>
    </Filter>
    <Filter Include="소스 파일\Network">
      <UniqueIdentifier>{e202d904-fa8f-497b-b18b-23aaac816c24}</UniqueIdentifier>
    </Filter>
  </ItemGroup>
  <ItemGroup>
    <ClInclude Include="framework.h">
      <Filter>헤더 파일</Filter>
    </ClInclude>
    <ClInclude Include="targetver.h">
      <Filter>헤더 파일</Filter>
    </ClInclude>
    <ClInclude Include="Resource.h">
      <Filter>헤더 파일</Filter>
    </ClInclude>
    <ClInclude Include="ActionGame.h">
      <Filter>헤더 파일</Filter>
    </ClInclude>
    <ClInclude Include="ScreenDib.h">
      <Filter>헤더 파일\Tool</Filter>
    </ClInclude>
    <ClInclude Include="SpriteDib.h">
      <Filter>헤더 파일\Tool</Filter>
    </ClInclude>
    <ClInclude Include="FrameSkip.h">
      <Filter>헤더 파일\Process</Filter>
    </ClInclude>
    <ClInclude Include="ActionDefine.h">
      <Filter>헤더 파일\Process</Filter>
    </ClInclude>
    <ClInclude Include="EObjectType.h">
      <Filter>헤더 파일\Object</Filter>
    </ClInclude>
    <ClInclude Include="GameProcess.h">
      <Filter>헤더 파일\Process</Filter>
    </ClInclude>
    <ClInclude Include="BaseObject.h">
      <Filter>헤더 파일\Object</Filter>
    </ClInclude>
    <ClInclude Include="EffectObject.h">
      <Filter>헤더 파일\Object</Filter>
    </ClInclude>
    <ClInclude Include="PlayerObject.h">
      <Filter>헤더 파일\Object</Filter>
    </ClInclude>
    <ClInclude Include="myList.h">
      <Filter>헤더 파일\Tool</Filter>
    </ClInclude>
    <ClInclude Include="ESprite.h">
      <Filter>헤더 파일\Tool</Filter>
    </ClInclude>
    <ClInclude Include="PacketDefine.h">
      <Filter>헤더 파일\Network</Filter>
    </ClInclude>
    <ClInclude Include="Session.h">
      <Filter>헤더 파일\Network</Filter>
    </ClInclude>
    <ClInclude Include="RingBuffer.h">
      <Filter>헤더 파일\Tool</Filter>
    </ClInclude>
  </ItemGroup>
  <ItemGroup>
    <ClCompile Include="ActionGame.cpp">
      <Filter>소스 파일</Filter>
    </ClCompile>
    <ClCompile Include="ScreenDib.cpp">
      <Filter>소스 파일\Tool</Filter>
    </ClCompile>
    <ClCompile Include="SpriteDib.cpp">
      <Filter>소스 파일\Tool</Filter>
    </ClCompile>
    <ClCompile Include="GameProcess.cpp">
      <Filter>소스 파일\Process</Filter>
    </ClCompile>
    <ClCompile Include="FrameSkip.cpp">
      <Filter>소스 파일\Process</Filter>
    </ClCompile>
    <ClCompile Include="BaseObject.cpp">
      <Filter>소스 파일\Object</Filter>
    </ClCompile>
    <ClCompile Include="EffectObject.cpp">
      <Filter>소스 파일\Object</Filter>
    </ClCompile>
    <ClCompile Include="PlayerObject.cpp">
      <Filter>소스 파일\Object</Filter>
    </ClCompile>
    <ClCompile Include="Session.cpp">
      <Filter>소스 파일\Network</Filter>
    </ClCompile>
    <ClCompile Include="RingBuffer.cpp">
      <Filter>소스 파일\Tool</Filter>
    </ClCompile>
  </ItemGroup>
  <ItemGroup>
    <ResourceCompile Include="ActionGame.rc">
      <Filter>리소스 파일</Filter>
    </ResourceCompile>
  </ItemGroup>
  <ItemGroup>
    <Image Include="small.ico">
      <Filter>리소스 파일</Filter>
    </Image>
    <Image Include="ActionGame.ico">
      <Filter>리소스 파일</Filter>
    </Image>
  </ItemGroup>
</Project>