
Microsoft Visual Studio Solution File, Format Version 12.00
# Visual Studio Version 16
VisualStudioVersion = 16.0.30804.86
MinimumVisualStudioVersion = 10.0.40219.1
Project("{8BC9CEB8-8B4A-11D0-8D11-00A0C91BC942}") = "CCpuUsage", "CCpuUsage\CCpuUsage.vcxproj", "{542F70B1-CAFD-4F07-9B6C-101EB474A95F}"
EndProject
Global
	GlobalSection(SolutionConfigurationPlatforms) = preSolution
		Debug|x64 = Debug|x64
		Debug|x86 = Debug|x86
		Release|x64 = Release|x64
		Release|x86 = Release|x86
	EndGlobalSection
	GlobalSection(ProjectConfigurationPlatforms) = postSolution
		{542F70B1-CAFD-4F07-9B6C-101EB474A95F}.Debug|x64.ActiveCfg = Debug|x64
		{542F70B1-CAFD-4F07-9B6C-101EB474A95F}.Debug|x64.Build.0 = Debug|x64
		{542F70B1-CAFD-4F07-9B6C-101EB474A95F}.Debug|x86.ActiveCfg = Debug|Win32
		{542F70B1-CAFD-4F07-9B6C-101EB474A95F}.Debug|x86.Build.0 = Debug|Win32
		{542F70B1-CAFD-4F07-9B6C-101EB474A95F}.Release|x64.ActiveCfg = Release|x64
		{542F70B1-CAFD-4F07-9B6C-101EB474A95F}.Release|x64.Build.0 = Release|x64
		{542F70B1-CAFD-4F07-9B6C-101EB474A95F}.Release|x86.ActiveCfg = Release|Win32
		{542F70B1-CAFD-4F07-9B6C-101EB474A95F}.Release|x86.Build.0 = Release|Win32
	EndGlobalSection
	GlobalSection(SolutionProperties) = preSolution
		HideSolutionNode = FALSE
	EndGlobalSection
	GlobalSection(ExtensibilityGlobals) = postSolution
		SolutionGuid = {D16B8531-986E-4116-927A-54432C7B0C21}
	EndGlobalSection
EndGlobal
