
Microsoft Visual Studio Solution File, Format Version 12.00
# Visual Studio Version 16
VisualStudioVersion = 16.0.30611.23
MinimumVisualStudioVersion = 10.0.40219.1
Project("{8BC9CEB8-8B4A-11D0-8D11-00A0C91BC942}") = "CLF_Queue", "CLF_Queue\CLF_Queue.vcxproj", "{4868657F-ABC5-42C1-AB11-926942F42B88}"
EndProject
Global
	GlobalSection(SolutionConfigurationPlatforms) = preSolution
		Debug|x64 = Debug|x64
		Debug|x86 = Debug|x86
		Release|x64 = Release|x64
		Release|x86 = Release|x86
	EndGlobalSection
	GlobalSection(ProjectConfigurationPlatforms) = postSolution
		{4868657F-ABC5-42C1-AB11-926942F42B88}.Debug|x64.ActiveCfg = Debug|x64
		{4868657F-ABC5-42C1-AB11-926942F42B88}.Debug|x64.Build.0 = Debug|x64
		{4868657F-ABC5-42C1-AB11-926942F42B88}.Debug|x86.ActiveCfg = Debug|Win32
		{4868657F-ABC5-42C1-AB11-926942F42B88}.Debug|x86.Build.0 = Debug|Win32
		{4868657F-ABC5-42C1-AB11-926942F42B88}.Release|x64.ActiveCfg = Release|x64
		{4868657F-ABC5-42C1-AB11-926942F42B88}.Release|x64.Build.0 = Release|x64
		{4868657F-ABC5-42C1-AB11-926942F42B88}.Release|x86.ActiveCfg = Release|Win32
		{4868657F-ABC5-42C1-AB11-926942F42B88}.Release|x86.Build.0 = Release|Win32
	EndGlobalSection
	GlobalSection(SolutionProperties) = preSolution
		HideSolutionNode = FALSE
	EndGlobalSection
	GlobalSection(ExtensibilityGlobals) = postSolution
		SolutionGuid = {2EC1F652-AF93-4674-8494-5472A0F84F77}
	EndGlobalSection
EndGlobal
