<?xml version="1.0" encoding="utf-8"?>
<Project ToolsVersion="4.0" xmlns="http://schemas.microsoft.com/developer/msbuild/2003">
  <ItemGroup>
    <Filter Include="소스 파일">
      <UniqueIdentifier>{4FC737F1-C7A5-4376-A066-2A32D752A2FF}</UniqueIdentifier>
      <Extensions>cpp;c;cc;cxx;c++;cppm;ixx;def;odl;idl;hpj;bat;asm;asmx</Extensions>
    </Filter>
    <Filter Include="헤더 파일">
      <UniqueIdentifier>{93995380-89BD-4b04-88EB-625FBE52EBFB}</UniqueIdentifier>
      <Extensions>h;hh;hpp;hxx;h++;hm;inl;inc;ipp;xsd</Extensions>
    </Filter>
    <Filter Include="리소스 파일">
      <UniqueIdentifier>{67DA6AB6-F800-4c08-8B7A-83BB121AAD01}</UniqueIdentifier>
      <Extensions>rc;ico;cur;bmp;dlg;rc2;rct;bin;rgs;gif;jpg;jpeg;jpe;resx;tiff;tif;png;wav;mfcribbon-ms</Extensions>
    </Filter>
    <Filter Include="헤더 파일\Tools">
      <UniqueIdentifier>{de721eae-6af6-4d8d-8921-025462afacea}</UniqueIdentifier>
    </Filter>
    <Filter Include="소스 파일\Tools">
      <UniqueIdentifier>{a76c0a39-514c-44ba-b893-1dbeccc6b79d}</UniqueIdentifier>
    </Filter>
  </ItemGroup>
  <ItemGroup>
    <ClCompile Include="main.cpp">
      <Filter>소스 파일</Filter>
    </ClCompile>
    <ClCompile Include="..\..\CLanClient\CLanClient\CLanClient.cpp">
      <Filter>소스 파일</Filter>
    </ClCompile>
    <ClCompile Include="CMonitorClient.cpp">
      <Filter>소스 파일</Filter>
    </ClCompile>
  </ItemGroup>
  <ItemGroup>
    <ClInclude Include="..\..\CLanClient\CLanClient\CLanClient.h">
      <Filter>헤더 파일</Filter>
    </ClInclude>
    <ClInclude Include="CMonitorClient.h">
      <Filter>헤더 파일</Filter>
    </ClInclude>
    <ClInclude Include="MonitorProtocol.h">
      <Filter>헤더 파일\Tools</Filter>
    </ClInclude>
  </ItemGroup>
</Project>